
Microsoft Visual Studio Solution File, Format Version 12.00
# Visual Studio Version 17
VisualStudioVersion = 17.7.34221.43
MinimumVisualStudioVersion = 10.0.40219.1
Project("{FAE04EC0-301F-11D3-BF4B-00C04F79EFBC}") = "NewAssigment7", "NewAssigment7\NewAssigment7.csproj", "{86E20C58-94B8-4258-BE52-E26CD48D64BA}"
EndProject
Global
	GlobalSection(SolutionConfigurationPlatforms) = preSolution
		Debug|Any CPU = Debug|Any CPU
		Release|Any CPU = Release|Any CPU
	EndGlobalSection
	GlobalSection(ProjectConfigurationPlatforms) = postSolution
		{86E20C58-94B8-4258-BE52-E26CD48D64BA}.Debug|Any CPU.ActiveCfg = Debug|Any CPU
		{86E20C58-94B8-4258-BE52-E26CD48D64BA}.Debug|Any CPU.Build.0 = Debug|Any CPU
		{86E20C58-94B8-4258-BE52-E26CD48D64BA}.Release|Any CPU.ActiveCfg = Release|Any CPU
		{86E20C58-94B8-4258-BE52-E26CD48D64BA}.Release|Any CPU.Build.0 = Release|Any CPU
	EndGlobalSection
	GlobalSection(SolutionProperties) = preSolution
		HideSolutionNode = FALSE
	EndGlobalSection
	GlobalSection(ExtensibilityGlobals) = postSolution
		SolutionGuid = {5D9946CF-F88E-4951-A94D-193E9D310325}
	EndGlobalSection
EndGlobal
